github.com/gorilla/websocket v1.5.3 h1:saDtZ6Pbx/0u+bgYQ3q96pZgCzfhKXGPqt7kZ72aNNg=
github.com/gorilla/websocket v1.5.3/go.mod h1:YR8l580nyteQvAITg2hZ9XVh4b55+EU/adAjf1fMHhE=
github.com/name5566/leaf v0.0.0-20221021105039-af71eb082cda h1:5S+9luohX8Whu/4VreRe4E0bHSSuJ4hyIGJc1nvNQzQ=
github.com/name5566/leaf v0.0.0-20221021105039-af71eb082cda/go.mod h1:JrOIxq3vDxvtuEI7Kmm2yqkuBfuT9DMLFMnCyYHLaKM=
github.com/pyihe/leaf v0.0.0-20221021105039-af71eb082cda/go.mod h1:dUka0m3EQA7w1Ru7xQ0rUUynKi9iqXMN1G9s57aufzk=
github.com/pyihe/leaf v0.0.0-20251209123152-b9c4a69a7f43 h1:EmKMPoawjwB1U2BKnLu4GSOQjrbJ9g3kjmWFCddI77o=
github.com/pyihe/leaf v0.0.0-20251209123152-b9c4a69a7f43/go.mod h1:yN2RUtVAF3V/wzxw0XQU6CRuVmcx+hn6eRLN9IWTaz4=
